
Microsoft Visual Studio Solution File, Format Version 12.00
# Visual Studio 15
Project("{FAE04EC0-301F-11D3-BF4B-00C04F79EFBC}") = "Unity.Timeline", "Unity.Timeline.csproj", "{09B8F24C-9CEE-B516-D6A9-888FD65CBB68}"
EndProject
Project("{FAE04EC0-301F-11D3-BF4B-00C04F79EFBC}") = "Unity.InputSystem", "Unity.InputSystem.csproj", "{A34F631E-7E7B-3B65-2CC9-2E1F67D040A2}"
EndProject
Project("{FAE04EC0-301F-11D3-BF4B-00C04F79EFBC}") = "Unity.ShaderGraph.Editor", "Unity.ShaderGraph.Editor.csproj", "{A1F5E4F2-E954-23D6-DC8C-A0D9A37133C9}"
EndProject
Project("{FAE04EC0-301F-11D3-BF4B-00C04F79EFBC}") = "Unity.PlasticSCM.Editor", "Unity.PlasticSCM.Editor.csproj", "{1F90066D-B43D-82DE-B963-58395491BDC5}"
EndProject
Project("{FAE04EC0-301F-11D3-BF4B-00C04F79EFBC}") = "Unity.VisualScripting.Flow", "Unity.VisualScripting.Flow.csproj", "{5E69309F-D5FE-2245-3F45-55181C9E49DF}"
EndProject
Project("{FAE04EC0-301F-11D3-BF4B-00C04F79EFBC}") = "Unity.RenderPipelines.Universal.Runtime", "Unity.RenderPipelines.Universal.Runtime.csproj", "{1CF01F3E-CC5F-E4C9-CA72-8314C5949FE3}"
EndProject
Project("{FAE04EC0-301F-11D3-BF4B-00C04F79EFBC}") = "Unity.ProBuilder", "Unity.ProBuilder.csproj", "{39DD5BDD-E0FA-36B8-4EB1-22413FFF8213}"
EndProject
Project("{FAE04EC0-301F-11D3-BF4B-00C04F79EFBC}") = "UnityEditor.UI", "UnityEditor.UI.csproj", "{76505295-2B6C-89B8-B483-9F7E1B08D6A3}"
EndProject
Project("{FAE04EC0-301F-11D3-BF4B-00C04F79EFBC}") = "Unity.Timeline.Editor", "Unity.Timeline.Editor.csproj", "{BAA45685-6016-ECE7-36D3-7A293D4A1267}"
EndProject
Project("{FAE04EC0-301F-11D3-BF4B-00C04F79EFBC}") = "Unity.RenderPipelines.Core.Runtime", "Unity.RenderPipelines.Core.Runtime.csproj", "{71383085-0A41-DD63-652F-190B65649C51}"
EndProject
Project("{FAE04EC0-301F-11D3-BF4B-00C04F79EFBC}") = "Unity.Splines.Editor", "Unity.Splines.Editor.csproj", "{7E3D6D7E-4E2A-9382-C298-F4DBBACC7588}"
EndProject
Project("{FAE04EC0-301F-11D3-BF4B-00C04F79EFBC}") = "Unity.Mathematics", "Unity.Mathematics.csproj", "{8463F578-0A67-7232-1BC3-5471274247F2}"
EndProject
Project("{FAE04EC0-301F-11D3-BF4B-00C04F79EFBC}") = "Unity.RenderPipelines.Core.Editor", "Unity.RenderPipelines.Core.Editor.csproj", "{9EA376CF-BC16-FAF4-D5E0-4316C249DFC4}"
EndProject
Project("{FAE04EC0-301F-11D3-BF4B-00C04F79EFBC}") = "Unity.ProBuilder.Editor", "Unity.ProBuilder.Editor.csproj", "{D141DBA5-284D-379F-489E-78EAC6F3B4A8}"
EndProject
Project("{FAE04EC0-301F-11D3-BF4B-00C04F79EFBC}") = "Unity.VisualScripting.Core.Editor", "Unity.VisualScripting.Core.Editor.csproj", "{713183E2-B9B3-84B0-0591-84DDF40415D3}"
EndProject
Project("{FAE04EC0-301F-11D3-BF4B-00C04F79EFBC}") = "UnityEditor.TestRunner", "UnityEditor.TestRunner.csproj", "{82EB61BB-006D-1D01-880E-36EF1F5D2642}"
EndProject
Project("{FAE04EC0-301F-11D3-BF4B-00C04F79EFBC}") = "Unity.ProBuilder.Poly2Tri", "Unity.ProBuilder.Poly2Tri.csproj", "{31354E03-21E9-0141-BD9D-D6AABBB52686}"
EndProject
Project("{FAE04EC0-301F-11D3-BF4B-00C04F79EFBC}") = "Unity.RenderPipelines.Universal.Editor", "Unity.RenderPipelines.Universal.Editor.csproj", "{92E8F52F-F77C-22CD-8280-385F858AAF59}"
EndProject
Project("{FAE04EC0-301F-11D3-BF4B-00C04F79EFBC}") = "Unity.TextMeshPro.Editor", "Unity.TextMeshPro.Editor.csproj", "{8F45EEC5-CF32-6699-801A-C3F78AF5B8EE}"
EndProject
Project("{FAE04EC0-301F-11D3-BF4B-00C04F79EFBC}") = "Unity.Recorder.Editor", "Unity.Recorder.Editor.csproj", "{964A66D8-8146-31DC-0C80-3654AFF42B0A}"
EndProject
Project("{FAE04EC0-301F-11D3-BF4B-00C04F79EFBC}") = "UnityEngine.TestRunner", "UnityEngine.TestRunner.csproj", "{4CCADD5D-0F2B-665E-90B4-BC7D0D465FC8}"
EndProject
Project("{FAE04EC0-301F-11D3-BF4B-00C04F79EFBC}") = "Unity.VisualScripting.Core", "Unity.VisualScripting.Core.csproj", "{A2E8E04E-C823-345F-B9CA-0AF93733CDC3}"
EndProject
Project("{FAE04EC0-301F-11D3-BF4B-00C04F79EFBC}") = "Unity.VisualScripting.Flow.Editor", "Unity.VisualScripting.Flow.Editor.csproj", "{B370ECB9-312D-110D-1E11-F4BFC8BFF0C3}"
EndProject
Project("{FAE04EC0-301F-11D3-BF4B-00C04F79EFBC}") = "Unity.Searcher.Editor", "Unity.Searcher.Editor.csproj", "{7E240B09-50C5-0A6E-F122-7EBB4574DD59}"
EndProject
Project("{FAE04EC0-301F-11D3-BF4B-00C04F79EFBC}") = "Unity.Burst", "Unity.Burst.csproj", "{36290921-24AD-694F-FE07-EB1945BE2AAA}"
EndProject
Project("{FAE04EC0-301F-11D3-BF4B-00C04F79EFBC}") = "Unity.ProBuilder.Csg", "Unity.ProBuilder.Csg.csproj", "{46D50222-C9E4-9CD3-E5F5-7768289D93F3}"
EndProject
Project("{FAE04EC0-301F-11D3-BF4B-00C04F79EFBC}") = "Cinemachine", "Cinemachine.csproj", "{A7B820E9-F61A-E56B-100A-F2A611A8BB17}"
EndProject
Project("{FAE04EC0-301F-11D3-BF4B-00C04F79EFBC}") = "Unity.VisualStudio.Editor", "Unity.VisualStudio.Editor.csproj", "{D10BDF7E-53FC-5DE1-A98C-768AC963A921}"
EndProject
Project("{FAE04EC0-301F-11D3-BF4B-00C04F79EFBC}") = "PPv2URPConverters", "PPv2URPConverters.csproj", "{4B18F5FC-D2B2-B398-B3F8-06928FD2DCEB}"
EndProject
Project("{FAE04EC0-301F-11D3-BF4B-00C04F79EFBC}") = "Unity.Rider.Editor", "Unity.Rider.Editor.csproj", "{C78191E6-1BBA-FEF1-4E39-FF665A87E586}"
EndProject
Project("{FAE04EC0-301F-11D3-BF4B-00C04F79EFBC}") = "Assembly-CSharp", "Assembly-CSharp.csproj", "{6BF6E966-F15D-33DE-2713-9666731F58AC}"
EndProject
Project("{FAE04EC0-301F-11D3-BF4B-00C04F79EFBC}") = "RayFireEditorAssembly", "RayFireEditorAssembly.csproj", "{ACB127A2-EAC9-88C9-CF6A-5E6F0A7DAAF0}"
EndProject
Project("{FAE04EC0-301F-11D3-BF4B-00C04F79EFBC}") = "RayFireAssembly", "RayFireAssembly.csproj", "{92DF9526-4FC5-A3F6-FF17-13F64A0C6458}"
EndProject
Project("{FAE04EC0-301F-11D3-BF4B-00C04F79EFBC}") = "Unity.CollabProxy.Editor", "Unity.CollabProxy.Editor.csproj", "{71E3B368-36BE-71F8-0C63-976B88864CCA}"
EndProject
Project("{FAE04EC0-301F-11D3-BF4B-00C04F79EFBC}") = "Unity.VisualScripting.State.Editor", "Unity.VisualScripting.State.Editor.csproj", "{04E119A6-9A46-2F3A-067A-684220BC5B8C}"
EndProject
Project("{FAE04EC0-301F-11D3-BF4B-00C04F79EFBC}") = "com.unity.cinemachine.editor", "com.unity.cinemachine.editor.csproj", "{26C32B68-3672-18B8-D1F8-0AD381F17AAF}"
EndProject
Project("{FAE04EC0-301F-11D3-BF4B-00C04F79EFBC}") = "UnityEngine.UI", "UnityEngine.UI.csproj", "{2D84AB6E-8978-314B-7AB9-7A225CFF0185}"
EndProject
Project("{FAE04EC0-301F-11D3-BF4B-00C04F79EFBC}") = "Unity.Burst.CodeGen", "Unity.Burst.CodeGen.csproj", "{CE4BDD2A-96A1-78F3-26CF-B718C34CE30D}"
EndProject
Project("{FAE04EC0-301F-11D3-BF4B-00C04F79EFBC}") = "Unity.RenderPipeline.Universal.ShaderLibrary", "Unity.RenderPipeline.Universal.ShaderLibrary.csproj", "{9D845157-C5C8-EE9F-15E0-770C81FF1B94}"
EndProject
Project("{FAE04EC0-301F-11D3-BF4B-00C04F79EFBC}") = "Unity.VisualScripting.State", "Unity.VisualScripting.State.csproj", "{1684F055-22D8-3132-B041-BBB6FD0DF6C8}"
EndProject
Project("{FAE04EC0-301F-11D3-BF4B-00C04F79EFBC}") = "Unity.TextMeshPro", "Unity.TextMeshPro.csproj", "{F66554F6-8DEB-245F-6160-4ABCE2DF754E}"
EndProject
Project("{FAE04EC0-301F-11D3-BF4B-00C04F79EFBC}") = "Unity.Splines", "Unity.Splines.csproj", "{FCF5BD82-AF9F-EDB9-6253-F874D38BE26C}"
EndProject
Project("{FAE04EC0-301F-11D3-BF4B-00C04F79EFBC}") = "Unity.VisualScripting.SettingsProvider.Editor", "Unity.VisualScripting.SettingsProvider.Editor.csproj", "{C7C20D80-F4E5-ADB5-97D9-DE88008DBFA0}"
EndProject
Project("{FAE04EC0-301F-11D3-BF4B-00C04F79EFBC}") = "Unity.VSCode.Editor", "Unity.VSCode.Editor.csproj", "{2FAC822A-3356-48E7-306A-F9C84E4D7ABA}"
EndProject
Project("{FAE04EC0-301F-11D3-BF4B-00C04F79EFBC}") = "Unity.Burst.Editor", "Unity.Burst.Editor.csproj", "{880A54E0-EF10-CDD6-AB67-2413220A3CC0}"
EndProject
Project("{FAE04EC0-301F-11D3-BF4B-00C04F79EFBC}") = "Unity.ProBuilder.Stl", "Unity.ProBuilder.Stl.csproj", "{C0DDFAC6-3D3E-BAD7-2C63-B3C1BE3E4534}"
EndProject
Project("{FAE04EC0-301F-11D3-BF4B-00C04F79EFBC}") = "Unity.Settings.Editor", "Unity.Settings.Editor.csproj", "{0297C510-435F-0233-320D-EEA0FB482FFA}"
EndProject
Project("{FAE04EC0-301F-11D3-BF4B-00C04F79EFBC}") = "Unity.Recorder", "Unity.Recorder.csproj", "{D0E73603-4C29-D111-3166-CA6F71DDDCD6}"
EndProject
Project("{FAE04EC0-301F-11D3-BF4B-00C04F79EFBC}") = "Unity.ProBuilder.KdTree", "Unity.ProBuilder.KdTree.csproj", "{69C731C5-F0A3-F5AE-30EE-53FD1445F89E}"
EndProject
Project("{FAE04EC0-301F-11D3-BF4B-00C04F79EFBC}") = "Unity.ProBuilder.AddOns.Editor", "Unity.ProBuilder.AddOns.Editor.csproj", "{1DEE4ABD-66D4-F2FC-6862-0266643305DF}"
EndProject
Project("{FAE04EC0-301F-11D3-BF4B-00C04F79EFBC}") = "Unity.InputSystem.ForUI", "Unity.InputSystem.ForUI.csproj", "{80E32844-3D00-3504-C3A6-60FEC6390AA3}"
EndProject
Project("{FAE04EC0-301F-11D3-BF4B-00C04F79EFBC}") = "Unity.Mathematics.Editor", "Unity.Mathematics.Editor.csproj", "{58F2E58B-E43F-6EF6-12A1-D02C1529C871}"
EndProject
Project("{FAE04EC0-301F-11D3-BF4B-00C04F79EFBC}") = "Assembly-CSharp-Editor", "Assembly-CSharp-Editor.csproj", "{6A69AFE9-9167-9B7B-53DD-C10C3B87EC99}"
EndProject
Project("{FAE04EC0-301F-11D3-BF4B-00C04F79EFBC}") = "Unity.ProBuilder.AssetIdRemapUtility", "Unity.ProBuilder.AssetIdRemapUtility.csproj", "{8E802ADE-A2EE-9873-EFF8-5B656603E40D}"
EndProject
Project("{FAE04EC0-301F-11D3-BF4B-00C04F79EFBC}") = "Unity.InputSystem.TestFramework", "Unity.InputSystem.TestFramework.csproj", "{19941A27-460F-DD8F-3DBD-EB065986D62E}"
EndProject
Project("{FAE04EC0-301F-11D3-BF4B-00C04F79EFBC}") = "Unity.ShaderGraph.Utilities", "Unity.ShaderGraph.Utilities.csproj", "{540C2184-085F-BCEF-99F8-6EDA4FFA6FA4}"
EndProject
Project("{FAE04EC0-301F-11D3-BF4B-00C04F79EFBC}") = "Unity.VisualScripting.Shared.Editor", "Unity.VisualScripting.Shared.Editor.csproj", "{4ADC4F79-E6FA-23C6-C684-4320E25DE907}"
EndProject
Project("{FAE04EC0-301F-11D3-BF4B-00C04F79EFBC}") = "Unity.Recorder.Base", "Unity.Recorder.Base.csproj", "{130C1DD2-8E9A-DBB0-FB40-B9F492A28E2A}"
EndProject
Project("{FAE04EC0-301F-11D3-BF4B-00C04F79EFBC}") = "Unity.RenderPipelines.Universal.Config.Runtime", "Unity.RenderPipelines.Universal.Config.Runtime.csproj", "{9D501356-691B-E25F-2EC9-A4C381F489A7}"
EndProject
Project("{FAE04EC0-301F-11D3-BF4B-00C04F79EFBC}") = "Unity.RenderPipelines.ShaderGraph.ShaderGraphLibrary", "Unity.RenderPipelines.ShaderGraph.ShaderGraphLibrary.csproj", "{E3D2D8D4-A00C-2584-7D9A-AE3E32F4E186}"
EndProject
Project("{FAE04EC0-301F-11D3-BF4B-00C04F79EFBC}") = "Unity.RenderPipelines.Core.ShaderLibrary", "Unity.RenderPipelines.Core.ShaderLibrary.csproj", "{6CDE4C38-5507-BF21-38D9-891B07D63581}"
EndProject
Project("{FAE04EC0-301F-11D3-BF4B-00C04F79EFBC}") = "Unity.RenderPipelines.Universal.Shaders", "Unity.RenderPipelines.Universal.Shaders.csproj", "{5B168C96-3A86-AB25-A59C-B233CC5DD1E7}"
EndProject
Project("{FAE04EC0-301F-11D3-BF4B-00C04F79EFBC}") = "Unity.Timeline", "Unity.Timeline.Player.csproj", "{67B37EBB-9132-33A1-F381-05B45F74B524}"
EndProject
Project("{FAE04EC0-301F-11D3-BF4B-00C04F79EFBC}") = "Unity.InputSystem", "Unity.InputSystem.Player.csproj", "{C00C2C05-75AD-4F19-3A52-63622EC7DCFD}"
EndProject
Project("{FAE04EC0-301F-11D3-BF4B-00C04F79EFBC}") = "Unity.VisualScripting.Flow", "Unity.VisualScripting.Flow.Player.csproj", "{C1FF89D4-FF8A-AED0-9D36-994C03BFA672}"
EndProject
Project("{FAE04EC0-301F-11D3-BF4B-00C04F79EFBC}") = "Unity.RenderPipelines.Universal.Runtime", "Unity.RenderPipelines.Universal.Runtime.Player.csproj", "{CC9ED347-3149-3301-0929-CAC9DBC55360}"
EndProject
Project("{FAE04EC0-301F-11D3-BF4B-00C04F79EFBC}") = "Unity.ProBuilder", "Unity.ProBuilder.Player.csproj", "{FD8063AC-716F-795B-86C5-3913014C86CB}"
EndProject
Project("{FAE04EC0-301F-11D3-BF4B-00C04F79EFBC}") = "Unity.RenderPipelines.Core.Runtime", "Unity.RenderPipelines.Core.Runtime.Player.csproj", "{268BB547-3A20-5ED8-E6A9-D157A33C98FA}"
EndProject
Project("{FAE04EC0-301F-11D3-BF4B-00C04F79EFBC}") = "Unity.Mathematics", "Unity.Mathematics.Player.csproj", "{D7D47173-C5A4-4D57-493E-32A29E44E39D}"
EndProject
Project("{FAE04EC0-301F-11D3-BF4B-00C04F79EFBC}") = "Unity.ProBuilder.Poly2Tri", "Unity.ProBuilder.Poly2Tri.Player.csproj", "{6EC66B41-0D4E-A0F9-B2F2-D7BEF0100EF9}"
EndProject
Project("{FAE04EC0-301F-11D3-BF4B-00C04F79EFBC}") = "UnityEngine.TestRunner", "UnityEngine.TestRunner.Player.csproj", "{306D9959-D571-8EAA-2DD7-8F8BB0227562}"
EndProject
Project("{FAE04EC0-301F-11D3-BF4B-00C04F79EFBC}") = "Unity.VisualScripting.Core", "Unity.VisualScripting.Core.Player.csproj", "{90588F66-B43C-D48C-742A-A57E8B5C15C2}"
EndProject
Project("{FAE04EC0-301F-11D3-BF4B-00C04F79EFBC}") = "Unity.Burst", "Unity.Burst.Player.csproj", "{DC922DA6-0ACF-5532-42A2-42F0AB45B982}"
EndProject
Project("{FAE04EC0-301F-11D3-BF4B-00C04F79EFBC}") = "Unity.ProBuilder.Csg", "Unity.ProBuilder.Csg.Player.csproj", "{5843A304-ECB3-3C43-0004-2441D284E3B1}"
EndProject
Project("{FAE04EC0-301F-11D3-BF4B-00C04F79EFBC}") = "Cinemachine", "Cinemachine.Player.csproj", "{33020391-5239-1886-894B-F518E4E155F8}"
EndProject
Project("{FAE04EC0-301F-11D3-BF4B-00C04F79EFBC}") = "Assembly-CSharp", "Assembly-CSharp.Player.csproj", "{96D344E4-5607-1F9A-5C23-B44A977E8D57}"
EndProject
Project("{FAE04EC0-301F-11D3-BF4B-00C04F79EFBC}") = "RayFireAssembly", "RayFireAssembly.Player.csproj", "{D21792EE-422C-B2D2-4C29-C293CEC256C7}"
EndProject
Project("{FAE04EC0-301F-11D3-BF4B-00C04F79EFBC}") = "UnityEngine.UI", "UnityEngine.UI.Player.csproj", "{8D466B8D-AEC6-2C20-FE09-F52F92A30882}"
EndProject
Project("{FAE04EC0-301F-11D3-BF4B-00C04F79EFBC}") = "Unity.RenderPipeline.Universal.ShaderLibrary", "Unity.RenderPipeline.Universal.ShaderLibrary.Player.csproj", "{063466A8-D736-5FC0-88D3-34AD8AACA386}"
EndProject
Project("{FAE04EC0-301F-11D3-BF4B-00C04F79EFBC}") = "Unity.VisualScripting.State", "Unity.VisualScripting.State.Player.csproj", "{4E7F3DB3-0498-EBF1-275D-78AD49AC88E6}"
EndProject
Project("{FAE04EC0-301F-11D3-BF4B-00C04F79EFBC}") = "Unity.TextMeshPro", "Unity.TextMeshPro.Player.csproj", "{C2DB1268-A5FE-03A1-BD4B-EF2AD2D4551F}"
EndProject
Project("{FAE04EC0-301F-11D3-BF4B-00C04F79EFBC}") = "Unity.Splines", "Unity.Splines.Player.csproj", "{9175FF8B-B9DF-A7DF-3FD8-458AC33EEB49}"
EndProject
Project("{FAE04EC0-301F-11D3-BF4B-00C04F79EFBC}") = "Unity.ProBuilder.Stl", "Unity.ProBuilder.Stl.Player.csproj", "{44D66FC8-1E76-78E2-1E80-32DDDC62E30A}"
EndProject
Project("{FAE04EC0-301F-11D3-BF4B-00C04F79EFBC}") = "Unity.Recorder", "Unity.Recorder.Player.csproj", "{BFF1FC62-6158-D6E9-7174-F3EF5C7BF5E9}"
EndProject
Project("{FAE04EC0-301F-11D3-BF4B-00C04F79EFBC}") = "Unity.ProBuilder.KdTree", "Unity.ProBuilder.KdTree.Player.csproj", "{33E2B5F3-110E-F6BF-9B04-E31165929854}"
EndProject
Project("{FAE04EC0-301F-11D3-BF4B-00C04F79EFBC}") = "Unity.InputSystem.ForUI", "Unity.InputSystem.ForUI.Player.csproj", "{978DB1DC-1D6E-77AF-3ADB-1E48157BF80A}"
EndProject
Project("{FAE04EC0-301F-11D3-BF4B-00C04F79EFBC}") = "Unity.InputSystem.TestFramework", "Unity.InputSystem.TestFramework.Player.csproj", "{20D67940-FE99-E569-86AB-A24813E808A6}"
EndProject
Project("{FAE04EC0-301F-11D3-BF4B-00C04F79EFBC}") = "Unity.Recorder.Base", "Unity.Recorder.Base.Player.csproj", "{31356175-5B1C-8552-EB3B-D02E87F21026}"
EndProject
Project("{FAE04EC0-301F-11D3-BF4B-00C04F79EFBC}") = "Unity.RenderPipelines.Universal.Config.Runtime", "Unity.RenderPipelines.Universal.Config.Runtime.Player.csproj", "{841D5F35-3160-45B8-5AB5-EC699EE9126D}"
EndProject
Project("{FAE04EC0-301F-11D3-BF4B-00C04F79EFBC}") = "Unity.RenderPipelines.ShaderGraph.ShaderGraphLibrary", "Unity.RenderPipelines.ShaderGraph.ShaderGraphLibrary.Player.csproj", "{82B6077E-49F4-4489-28C3-A3EDD800BE92}"
EndProject
Project("{FAE04EC0-301F-11D3-BF4B-00C04F79EFBC}") = "Unity.RenderPipelines.Core.ShaderLibrary", "Unity.RenderPipelines.Core.ShaderLibrary.Player.csproj", "{D9B32D5D-056B-2F49-93D2-BF307B34F7ED}"
EndProject
Project("{FAE04EC0-301F-11D3-BF4B-00C04F79EFBC}") = "Unity.RenderPipelines.Universal.Shaders", "Unity.RenderPipelines.Universal.Shaders.Player.csproj", "{EFCFF4FC-D3E1-FB09-B05F-9DE5182B7BFC}"
EndProject
Global
	GlobalSection(SolutionConfigurationPlatforms) = preSolution
		Debug|Any CPU = Debug|Any CPU
		Release|Any CPU = Release|Any CPU
	EndGlobalSection
	GlobalSection(ProjectConfigurationPlatforms) = postSolution
		{09B8F24C-9CEE-B516-D6A9-888FD65CBB68}.Debug|Any CPU.ActiveCfg = Debug|Any CPU
		{09B8F24C-9CEE-B516-D6A9-888FD65CBB68}.Debug|Any CPU.Build.0 = Debug|Any CPU
		{09B8F24C-9CEE-B516-D6A9-888FD65CBB68}.Release|Any CPU.ActiveCfg = Release|Any CPU
		{09B8F24C-9CEE-B516-D6A9-888FD65CBB68}.Release|Any CPU.Build.0 = Release|Any CPU
		{A34F631E-7E7B-3B65-2CC9-2E1F67D040A2}.Debug|Any CPU.ActiveCfg = Debug|Any CPU
		{A34F631E-7E7B-3B65-2CC9-2E1F67D040A2}.Debug|Any CPU.Build.0 = Debug|Any CPU
		{A34F631E-7E7B-3B65-2CC9-2E1F67D040A2}.Release|Any CPU.ActiveCfg = Release|Any CPU
		{A34F631E-7E7B-3B65-2CC9-2E1F67D040A2}.Release|Any CPU.Build.0 = Release|Any CPU
		{A1F5E4F2-E954-23D6-DC8C-A0D9A37133C9}.Debug|Any CPU.ActiveCfg = Debug|Any CPU
		{A1F5E4F2-E954-23D6-DC8C-A0D9A37133C9}.Debug|Any CPU.Build.0 = Debug|Any CPU
		{A1F5E4F2-E954-23D6-DC8C-A0D9A37133C9}.Release|Any CPU.ActiveCfg = Release|Any CPU
		{A1F5E4F2-E954-23D6-DC8C-A0D9A37133C9}.Release|Any CPU.Build.0 = Release|Any CPU
		{1F90066D-B43D-82DE-B963-58395491BDC5}.Debug|Any CPU.ActiveCfg = Debug|Any CPU
		{1F90066D-B43D-82DE-B963-58395491BDC5}.Debug|Any CPU.Build.0 = Debug|Any CPU
		{1F90066D-B43D-82DE-B963-58395491BDC5}.Release|Any CPU.ActiveCfg = Release|Any CPU
		{1F90066D-B43D-82DE-B963-58395491BDC5}.Release|Any CPU.Build.0 = Release|Any CPU
		{5E69309F-D5FE-2245-3F45-55181C9E49DF}.Debug|Any CPU.ActiveCfg = Debug|Any CPU
		{5E69309F-D5FE-2245-3F45-55181C9E49DF}.Debug|Any CPU.Build.0 = Debug|Any CPU
		{5E69309F-D5FE-2245-3F45-55181C9E49DF}.Release|Any CPU.ActiveCfg = Release|Any CPU
		{5E69309F-D5FE-2245-3F45-55181C9E49DF}.Release|Any CPU.Build.0 = Release|Any CPU
		{1CF01F3E-CC5F-E4C9-CA72-8314C5949FE3}.Debug|Any CPU.ActiveCfg = Debug|Any CPU
		{1CF01F3E-CC5F-E4C9-CA72-8314C5949FE3}.Debug|Any CPU.Build.0 = Debug|Any CPU
		{1CF01F3E-CC5F-E4C9-CA72-8314C5949FE3}.Release|Any CPU.ActiveCfg = Release|Any CPU
		{1CF01F3E-CC5F-E4C9-CA72-8314C5949FE3}.Release|Any CPU.Build.0 = Release|Any CPU
		{39DD5BDD-E0FA-36B8-4EB1-22413FFF8213}.Debug|Any CPU.ActiveCfg = Debug|Any CPU
		{39DD5BDD-E0FA-36B8-4EB1-22413FFF8213}.Debug|Any CPU.Build.0 = Debug|Any CPU
		{39DD5BDD-E0FA-36B8-4EB1-22413FFF8213}.Release|Any CPU.ActiveCfg = Release|Any CPU
		{39DD5BDD-E0FA-36B8-4EB1-22413FFF8213}.Release|Any CPU.Build.0 = Release|Any CPU
		{76505295-2B6C-89B8-B483-9F7E1B08D6A3}.Debug|Any CPU.ActiveCfg = Debug|Any CPU
		{76505295-2B6C-89B8-B483-9F7E1B08D6A3}.Debug|Any CPU.Build.0 = Debug|Any CPU
		{76505295-2B6C-89B8-B483-9F7E1B08D6A3}.Release|Any CPU.ActiveCfg = Release|Any CPU
		{76505295-2B6C-89B8-B483-9F7E1B08D6A3}.Release|Any CPU.Build.0 = Release|Any CPU
		{BAA45685-6016-ECE7-36D3-7A293D4A1267}.Debug|Any CPU.ActiveCfg = Debug|Any CPU
		{BAA45685-6016-ECE7-36D3-7A293D4A1267}.Debug|Any CPU.Build.0 = Debug|Any CPU
		{BAA45685-6016-ECE7-36D3-7A293D4A1267}.Release|Any CPU.ActiveCfg = Release|Any CPU
		{BAA45685-6016-ECE7-36D3-7A293D4A1267}.Release|Any CPU.Build.0 = Release|Any CPU
		{71383085-0A41-DD63-652F-190B65649C51}.Debug|Any CPU.ActiveCfg = Debug|Any CPU
		{71383085-0A41-DD63-652F-190B65649C51}.Debug|Any CPU.Build.0 = Debug|Any CPU
		{71383085-0A41-DD63-652F-190B65649C51}.Release|Any CPU.ActiveCfg = Release|Any CPU
		{71383085-0A41-DD63-652F-190B65649C51}.Release|Any CPU.Build.0 = Release|Any CPU
		{7E3D6D7E-4E2A-9382-C298-F4DBBACC7588}.Debug|Any CPU.ActiveCfg = Debug|Any CPU
		{7E3D6D7E-4E2A-9382-C298-F4DBBACC7588}.Debug|Any CPU.Build.0 = Debug|Any CPU
		{7E3D6D7E-4E2A-9382-C298-F4DBBACC7588}.Release|Any CPU.ActiveCfg = Release|Any CPU
		{7E3D6D7E-4E2A-9382-C298-F4DBBACC7588}.Release|Any CPU.Build.0 = Release|Any CPU
		{8463F578-0A67-7232-1BC3-5471274247F2}.Debug|Any CPU.ActiveCfg = Debug|Any CPU
		{8463F578-0A67-7232-1BC3-5471274247F2}.Debug|Any CPU.Build.0 = Debug|Any CPU
		{8463F578-0A67-7232-1BC3-5471274247F2}.Release|Any CPU.ActiveCfg = Release|Any CPU
		{8463F578-0A67-7232-1BC3-5471274247F2}.Release|Any CPU.Build.0 = Release|Any CPU
		{9EA376CF-BC16-FAF4-D5E0-4316C249DFC4}.Debug|Any CPU.ActiveCfg = Debug|Any CPU
		{9EA376CF-BC16-FAF4-D5E0-4316C249DFC4}.Debug|Any CPU.Build.0 = Debug|Any CPU
		{9EA376CF-BC16-FAF4-D5E0-4316C249DFC4}.Release|Any CPU.ActiveCfg = Release|Any CPU
		{9EA376CF-BC16-FAF4-D5E0-4316C249DFC4}.Release|Any CPU.Build.0 = Release|Any CPU
		{D141DBA5-284D-379F-489E-78EAC6F3B4A8}.Debug|Any CPU.ActiveCfg = Debug|Any CPU
		{D141DBA5-284D-379F-489E-78EAC6F3B4A8}.Debug|Any CPU.Build.0 = Debug|Any CPU
		{D141DBA5-284D-379F-489E-78EAC6F3B4A8}.Release|Any CPU.ActiveCfg = Release|Any CPU
		{D141DBA5-284D-379F-489E-78EAC6F3B4A8}.Release|Any CPU.Build.0 = Release|Any CPU
		{713183E2-B9B3-84B0-0591-84DDF40415D3}.Debug|Any CPU.ActiveCfg = Debug|Any CPU
		{713183E2-B9B3-84B0-0591-84DDF40415D3}.Debug|Any CPU.Build.0 = Debug|Any CPU
		{713183E2-B9B3-84B0-0591-84DDF40415D3}.Release|Any CPU.ActiveCfg = Release|Any CPU
		{713183E2-B9B3-84B0-0591-84DDF40415D3}.Release|Any CPU.Build.0 = Release|Any CPU
		{82EB61BB-006D-1D01-880E-36EF1F5D2642}.Debug|Any CPU.ActiveCfg = Debug|Any CPU
		{82EB61BB-006D-1D01-880E-36EF1F5D2642}.Debug|Any CPU.Build.0 = Debug|Any CPU
		{82EB61BB-006D-1D01-880E-36EF1F5D2642}.Release|Any CPU.ActiveCfg = Release|Any CPU
		{82EB61BB-006D-1D01-880E-36EF1F5D2642}.Release|Any CPU.Build.0 = Release|Any CPU
		{31354E03-21E9-0141-BD9D-D6AABBB52686}.Debug|Any CPU.ActiveCfg = Debug|Any CPU
		{31354E03-21E9-0141-BD9D-D6AABBB52686}.Debug|Any CPU.Build.0 = Debug|Any CPU
		{31354E03-21E9-0141-BD9D-D6AABBB52686}.Release|Any CPU.ActiveCfg = Release|Any CPU
		{31354E03-21E9-0141-BD9D-D6AABBB52686}.Release|Any CPU.Build.0 = Release|Any CPU
		{92E8F52F-F77C-22CD-8280-385F858AAF59}.Debug|Any CPU.ActiveCfg = Debug|Any CPU
		{92E8F52F-F77C-22CD-8280-385F858AAF59}.Debug|Any CPU.Build.0 = Debug|Any CPU
		{92E8F52F-F77C-22CD-8280-385F858AAF59}.Release|Any CPU.ActiveCfg = Release|Any CPU
		{92E8F52F-F77C-22CD-8280-385F858AAF59}.Release|Any CPU.Build.0 = Release|Any CPU
		{8F45EEC5-CF32-6699-801A-C3F78AF5B8EE}.Debug|Any CPU.ActiveCfg = Debug|Any CPU
		{8F45EEC5-CF32-6699-801A-C3F78AF5B8EE}.Debug|Any CPU.Build.0 = Debug|Any CPU
		{8F45EEC5-CF32-6699-801A-C3F78AF5B8EE}.Release|Any CPU.ActiveCfg = Release|Any CPU
		{8F45EEC5-CF32-6699-801A-C3F78AF5B8EE}.Release|Any CPU.Build.0 = Release|Any CPU
		{964A66D8-8146-31DC-0C80-3654AFF42B0A}.Debug|Any CPU.ActiveCfg = Debug|Any CPU
		{964A66D8-8146-31DC-0C80-3654AFF42B0A}.Debug|Any CPU.Build.0 = Debug|Any CPU
		{964A66D8-8146-31DC-0C80-3654AFF42B0A}.Release|Any CPU.ActiveCfg = Release|Any CPU
		{964A66D8-8146-31DC-0C80-3654AFF42B0A}.Release|Any CPU.Build.0 = Release|Any CPU
		{4CCADD5D-0F2B-665E-90B4-BC7D0D465FC8}.Debug|Any CPU.ActiveCfg = Debug|Any CPU
		{4CCADD5D-0F2B-665E-90B4-BC7D0D465FC8}.Debug|Any CPU.Build.0 = Debug|Any CPU
		{4CCADD5D-0F2B-665E-90B4-BC7D0D465FC8}.Release|Any CPU.ActiveCfg = Release|Any CPU
		{4CCADD5D-0F2B-665E-90B4-BC7D0D465FC8}.Release|Any CPU.Build.0 = Release|Any CPU
		{A2E8E04E-C823-345F-B9CA-0AF93733CDC3}.Debug|Any CPU.ActiveCfg = Debug|Any CPU
		{A2E8E04E-C823-345F-B9CA-0AF93733CDC3}.Debug|Any CPU.Build.0 = Debug|Any CPU
		{A2E8E04E-C823-345F-B9CA-0AF93733CDC3}.Release|Any CPU.ActiveCfg = Release|Any CPU
		{A2E8E04E-C823-345F-B9CA-0AF93733CDC3}.Release|Any CPU.Build.0 = Release|Any CPU
		{B370ECB9-312D-110D-1E11-F4BFC8BFF0C3}.Debug|Any CPU.ActiveCfg = Debug|Any CPU
		{B370ECB9-312D-110D-1E11-F4BFC8BFF0C3}.Debug|Any CPU.Build.0 = Debug|Any CPU
		{B370ECB9-312D-110D-1E11-F4BFC8BFF0C3}.Release|Any CPU.ActiveCfg = Release|Any CPU
		{B370ECB9-312D-110D-1E11-F4BFC8BFF0C3}.Release|Any CPU.Build.0 = Release|Any CPU
		{7E240B09-50C5-0A6E-F122-7EBB4574DD59}.Debug|Any CPU.ActiveCfg = Debug|Any CPU
		{7E240B09-50C5-0A6E-F122-7EBB4574DD59}.Debug|Any CPU.Build.0 = Debug|Any CPU
		{7E240B09-50C5-0A6E-F122-7EBB4574DD59}.Release|Any CPU.ActiveCfg = Release|Any CPU
		{7E240B09-50C5-0A6E-F122-7EBB4574DD59}.Release|Any CPU.Build.0 = Release|Any CPU
		{36290921-24AD-694F-FE07-EB1945BE2AAA}.Debug|Any CPU.ActiveCfg = Debug|Any CPU
		{36290921-24AD-694F-FE07-EB1945BE2AAA}.Debug|Any CPU.Build.0 = Debug|Any CPU
		{36290921-24AD-694F-FE07-EB1945BE2AAA}.Release|Any CPU.ActiveCfg = Release|Any CPU
		{36290921-24AD-694F-FE07-EB1945BE2AAA}.Release|Any CPU.Build.0 = Release|Any CPU
		{46D50222-C9E4-9CD3-E5F5-7768289D93F3}.Debug|Any CPU.ActiveCfg = Debug|Any CPU
		{46D50222-C9E4-9CD3-E5F5-7768289D93F3}.Debug|Any CPU.Build.0 = Debug|Any CPU
		{46D50222-C9E4-9CD3-E5F5-7768289D93F3}.Release|Any CPU.ActiveCfg = Release|Any CPU
		{46D50222-C9E4-9CD3-E5F5-7768289D93F3}.Release|Any CPU.Build.0 = Release|Any CPU
		{A7B820E9-F61A-E56B-100A-F2A611A8BB17}.Debug|Any CPU.ActiveCfg = Debug|Any CPU
		{A7B820E9-F61A-E56B-100A-F2A611A8BB17}.Debug|Any CPU.Build.0 = Debug|Any CPU
		{A7B820E9-F61A-E56B-100A-F2A611A8BB17}.Release|Any CPU.ActiveCfg = Release|Any CPU
		{A7B820E9-F61A-E56B-100A-F2A611A8BB17}.Release|Any CPU.Build.0 = Release|Any CPU
		{D10BDF7E-53FC-5DE1-A98C-768AC963A921}.Debug|Any CPU.ActiveCfg = Debug|Any CPU
		{D10BDF7E-53FC-5DE1-A98C-768AC963A921}.Debug|Any CPU.Build.0 = Debug|Any CPU
		{D10BDF7E-53FC-5DE1-A98C-768AC963A921}.Release|Any CPU.ActiveCfg = Release|Any CPU
		{D10BDF7E-53FC-5DE1-A98C-768AC963A921}.Release|Any CPU.Build.0 = Release|Any CPU
		{4B18F5FC-D2B2-B398-B3F8-06928FD2DCEB}.Debug|Any CPU.ActiveCfg = Debug|Any CPU
		{4B18F5FC-D2B2-B398-B3F8-06928FD2DCEB}.Debug|Any CPU.Build.0 = Debug|Any CPU
		{4B18F5FC-D2B2-B398-B3F8-06928FD2DCEB}.Release|Any CPU.ActiveCfg = Release|Any CPU
		{4B18F5FC-D2B2-B398-B3F8-06928FD2DCEB}.Release|Any CPU.Build.0 = Release|Any CPU
		{C78191E6-1BBA-FEF1-4E39-FF665A87E586}.Debug|Any CPU.ActiveCfg = Debug|Any CPU
		{C78191E6-1BBA-FEF1-4E39-FF665A87E586}.Debug|Any CPU.Build.0 = Debug|Any CPU
		{C78191E6-1BBA-FEF1-4E39-FF665A87E586}.Release|Any CPU.ActiveCfg = Release|Any CPU
		{C78191E6-1BBA-FEF1-4E39-FF665A87E586}.Release|Any CPU.Build.0 = Release|Any CPU
		{6BF6E966-F15D-33DE-2713-9666731F58AC}.Debug|Any CPU.ActiveCfg = Debug|Any CPU
		{6BF6E966-F15D-33DE-2713-9666731F58AC}.Debug|Any CPU.Build.0 = Debug|Any CPU
		{6BF6E966-F15D-33DE-2713-9666731F58AC}.Release|Any CPU.ActiveCfg = Release|Any CPU
		{6BF6E966-F15D-33DE-2713-9666731F58AC}.Release|Any CPU.Build.0 = Release|Any CPU
		{ACB127A2-EAC9-88C9-CF6A-5E6F0A7DAAF0}.Debug|Any CPU.ActiveCfg = Debug|Any CPU
		{ACB127A2-EAC9-88C9-CF6A-5E6F0A7DAAF0}.Debug|Any CPU.Build.0 = Debug|Any CPU
		{ACB127A2-EAC9-88C9-CF6A-5E6F0A7DAAF0}.Release|Any CPU.ActiveCfg = Release|Any CPU
		{ACB127A2-EAC9-88C9-CF6A-5E6F0A7DAAF0}.Release|Any CPU.Build.0 = Release|Any CPU
		{92DF9526-4FC5-A3F6-FF17-13F64A0C6458}.Debug|Any CPU.ActiveCfg = Debug|Any CPU
		{92DF9526-4FC5-A3F6-FF17-13F64A0C6458}.Debug|Any CPU.Build.0 = Debug|Any CPU
		{92DF9526-4FC5-A3F6-FF17-13F64A0C6458}.Release|Any CPU.ActiveCfg = Release|Any CPU
		{92DF9526-4FC5-A3F6-FF17-13F64A0C6458}.Release|Any CPU.Build.0 = Release|Any CPU
		{71E3B368-36BE-71F8-0C63-976B88864CCA}.Debug|Any CPU.ActiveCfg = Debug|Any CPU
		{71E3B368-36BE-71F8-0C63-976B88864CCA}.Debug|Any CPU.Build.0 = Debug|Any CPU
		{71E3B368-36BE-71F8-0C63-976B88864CCA}.Release|Any CPU.ActiveCfg = Release|Any CPU
		{71E3B368-36BE-71F8-0C63-976B88864CCA}.Release|Any CPU.Build.0 = Release|Any CPU
		{04E119A6-9A46-2F3A-067A-684220BC5B8C}.Debug|Any CPU.ActiveCfg = Debug|Any CPU
		{04E119A6-9A46-2F3A-067A-684220BC5B8C}.Debug|Any CPU.Build.0 = Debug|Any CPU
		{04E119A6-9A46-2F3A-067A-684220BC5B8C}.Release|Any CPU.ActiveCfg = Release|Any CPU
		{04E119A6-9A46-2F3A-067A-684220BC5B8C}.Release|Any CPU.Build.0 = Release|Any CPU
		{26C32B68-3672-18B8-D1F8-0AD381F17AAF}.Debug|Any CPU.ActiveCfg = Debug|Any CPU
		{26C32B68-3672-18B8-D1F8-0AD381F17AAF}.Debug|Any CPU.Build.0 = Debug|Any CPU
		{26C32B68-3672-18B8-D1F8-0AD381F17AAF}.Release|Any CPU.ActiveCfg = Release|Any CPU
		{26C32B68-3672-18B8-D1F8-0AD381F17AAF}.Release|Any CPU.Build.0 = Release|Any CPU
		{2D84AB6E-8978-314B-7AB9-7A225CFF0185}.Debug|Any CPU.ActiveCfg = Debug|Any CPU
		{2D84AB6E-8978-314B-7AB9-7A225CFF0185}.Debug|Any CPU.Build.0 = Debug|Any CPU
		{2D84AB6E-8978-314B-7AB9-7A225CFF0185}.Release|Any CPU.ActiveCfg = Release|Any CPU
		{2D84AB6E-8978-314B-7AB9-7A225CFF0185}.Release|Any CPU.Build.0 = Release|Any CPU
		{CE4BDD2A-96A1-78F3-26CF-B718C34CE30D}.Debug|Any CPU.ActiveCfg = Debug|Any CPU
		{CE4BDD2A-96A1-78F3-26CF-B718C34CE30D}.Debug|Any CPU.Build.0 = Debug|Any CPU
		{CE4BDD2A-96A1-78F3-26CF-B718C34CE30D}.Release|Any CPU.ActiveCfg = Release|Any CPU
		{CE4BDD2A-96A1-78F3-26CF-B718C34CE30D}.Release|Any CPU.Build.0 = Release|Any CPU
		{9D845157-C5C8-EE9F-15E0-770C81FF1B94}.Debug|Any CPU.ActiveCfg = Debug|Any CPU
		{9D845157-C5C8-EE9F-15E0-770C81FF1B94}.Debug|Any CPU.Build.0 = Debug|Any CPU
		{9D845157-C5C8-EE9F-15E0-770C81FF1B94}.Release|Any CPU.ActiveCfg = Release|Any CPU
		{9D845157-C5C8-EE9F-15E0-770C81FF1B94}.Release|Any CPU.Build.0 = Release|Any CPU
		{1684F055-22D8-3132-B041-BBB6FD0DF6C8}.Debug|Any CPU.ActiveCfg = Debug|Any CPU
		{1684F055-22D8-3132-B041-BBB6FD0DF6C8}.Debug|Any CPU.Build.0 = Debug|Any CPU
		{1684F055-22D8-3132-B041-BBB6FD0DF6C8}.Release|Any CPU.ActiveCfg = Release|Any CPU
		{1684F055-22D8-3132-B041-BBB6FD0DF6C8}.Release|Any CPU.Build.0 = Release|Any CPU
		{F66554F6-8DEB-245F-6160-4ABCE2DF754E}.Debug|Any CPU.ActiveCfg = Debug|Any CPU
		{F66554F6-8DEB-245F-6160-4ABCE2DF754E}.Debug|Any CPU.Build.0 = Debug|Any CPU
		{F66554F6-8DEB-245F-6160-4ABCE2DF754E}.Release|Any CPU.ActiveCfg = Release|Any CPU
		{F66554F6-8DEB-245F-6160-4ABCE2DF754E}.Release|Any CPU.Build.0 = Release|Any CPU
		{FCF5BD82-AF9F-EDB9-6253-F874D38BE26C}.Debug|Any CPU.ActiveCfg = Debug|Any CPU
		{FCF5BD82-AF9F-EDB9-6253-F874D38BE26C}.Debug|Any CPU.Build.0 = Debug|Any CPU
		{FCF5BD82-AF9F-EDB9-6253-F874D38BE26C}.Release|Any CPU.ActiveCfg = Release|Any CPU
		{FCF5BD82-AF9F-EDB9-6253-F874D38BE26C}.Release|Any CPU.Build.0 = Release|Any CPU
		{C7C20D80-F4E5-ADB5-97D9-DE88008DBFA0}.Debug|Any CPU.ActiveCfg = Debug|Any CPU
		{C7C20D80-F4E5-ADB5-97D9-DE88008DBFA0}.Debug|Any CPU.Build.0 = Debug|Any CPU
		{C7C20D80-F4E5-ADB5-97D9-DE88008DBFA0}.Release|Any CPU.ActiveCfg = Release|Any CPU
		{C7C20D80-F4E5-ADB5-97D9-DE88008DBFA0}.Release|Any CPU.Build.0 = Release|Any CPU
		{2FAC822A-3356-48E7-306A-F9C84E4D7ABA}.Debug|Any CPU.ActiveCfg = Debug|Any CPU
		{2FAC822A-3356-48E7-306A-F9C84E4D7ABA}.Debug|Any CPU.Build.0 = Debug|Any CPU
		{2FAC822A-3356-48E7-306A-F9C84E4D7ABA}.Release|Any CPU.ActiveCfg = Release|Any CPU
		{2FAC822A-3356-48E7-306A-F9C84E4D7ABA}.Release|Any CPU.Build.0 = Release|Any CPU
		{880A54E0-EF10-CDD6-AB67-2413220A3CC0}.Debug|Any CPU.ActiveCfg = Debug|Any CPU
		{880A54E0-EF10-CDD6-AB67-2413220A3CC0}.Debug|Any CPU.Build.0 = Debug|Any CPU
		{880A54E0-EF10-CDD6-AB67-2413220A3CC0}.Release|Any CPU.ActiveCfg = Release|Any CPU
		{880A54E0-EF10-CDD6-AB67-2413220A3CC0}.Release|Any CPU.Build.0 = Release|Any CPU
		{C0DDFAC6-3D3E-BAD7-2C63-B3C1BE3E4534}.Debug|Any CPU.ActiveCfg = Debug|Any CPU
		{C0DDFAC6-3D3E-BAD7-2C63-B3C1BE3E4534}.Debug|Any CPU.Build.0 = Debug|Any CPU
		{C0DDFAC6-3D3E-BAD7-2C63-B3C1BE3E4534}.Release|Any CPU.ActiveCfg = Release|Any CPU
		{C0DDFAC6-3D3E-BAD7-2C63-B3C1BE3E4534}.Release|Any CPU.Build.0 = Release|Any CPU
		{0297C510-435F-0233-320D-EEA0FB482FFA}.Debug|Any CPU.ActiveCfg = Debug|Any CPU
		{0297C510-435F-0233-320D-EEA0FB482FFA}.Debug|Any CPU.Build.0 = Debug|Any CPU
		{0297C510-435F-0233-320D-EEA0FB482FFA}.Release|Any CPU.ActiveCfg = Release|Any CPU
		{0297C510-435F-0233-320D-EEA0FB482FFA}.Release|Any CPU.Build.0 = Release|Any CPU
		{D0E73603-4C29-D111-3166-CA6F71DDDCD6}.Debug|Any CPU.ActiveCfg = Debug|Any CPU
		{D0E73603-4C29-D111-3166-CA6F71DDDCD6}.Debug|Any CPU.Build.0 = Debug|Any CPU
		{D0E73603-4C29-D111-3166-CA6F71DDDCD6}.Release|Any CPU.ActiveCfg = Release|Any CPU
		{D0E73603-4C29-D111-3166-CA6F71DDDCD6}.Release|Any CPU.Build.0 = Release|Any CPU
		{69C731C5-F0A3-F5AE-30EE-53FD1445F89E}.Debug|Any CPU.ActiveCfg = Debug|Any CPU
		{69C731C5-F0A3-F5AE-30EE-53FD1445F89E}.Debug|Any CPU.Build.0 = Debug|Any CPU
		{69C731C5-F0A3-F5AE-30EE-53FD1445F89E}.Release|Any CPU.ActiveCfg = Release|Any CPU
		{69C731C5-F0A3-F5AE-30EE-53FD1445F89E}.Release|Any CPU.Build.0 = Release|Any CPU
		{1DEE4ABD-66D4-F2FC-6862-0266643305DF}.Debug|Any CPU.ActiveCfg = Debug|Any CPU
		{1DEE4ABD-66D4-F2FC-6862-0266643305DF}.Debug|Any CPU.Build.0 = Debug|Any CPU
		{1DEE4ABD-66D4-F2FC-6862-0266643305DF}.Release|Any CPU.ActiveCfg = Release|Any CPU
		{1DEE4ABD-66D4-F2FC-6862-0266643305DF}.Release|Any CPU.Build.0 = Release|Any CPU
		{80E32844-3D00-3504-C3A6-60FEC6390AA3}.Debug|Any CPU.ActiveCfg = Debug|Any CPU
		{80E32844-3D00-3504-C3A6-60FEC6390AA3}.Debug|Any CPU.Build.0 = Debug|Any CPU
		{80E32844-3D00-3504-C3A6-60FEC6390AA3}.Release|Any CPU.ActiveCfg = Release|Any CPU
		{80E32844-3D00-3504-C3A6-60FEC6390AA3}.Release|Any CPU.Build.0 = Release|Any CPU
		{58F2E58B-E43F-6EF6-12A1-D02C1529C871}.Debug|Any CPU.ActiveCfg = Debug|Any CPU
		{58F2E58B-E43F-6EF6-12A1-D02C1529C871}.Debug|Any CPU.Build.0 = Debug|Any CPU
		{58F2E58B-E43F-6EF6-12A1-D02C1529C871}.Release|Any CPU.ActiveCfg = Release|Any CPU
		{58F2E58B-E43F-6EF6-12A1-D02C1529C871}.Release|Any CPU.Build.0 = Release|Any CPU
		{6A69AFE9-9167-9B7B-53DD-C10C3B87EC99}.Debug|Any CPU.ActiveCfg = Debug|Any CPU
		{6A69AFE9-9167-9B7B-53DD-C10C3B87EC99}.Debug|Any CPU.Build.0 = Debug|Any CPU
		{6A69AFE9-9167-9B7B-53DD-C10C3B87EC99}.Release|Any CPU.ActiveCfg = Release|Any CPU
		{6A69AFE9-9167-9B7B-53DD-C10C3B87EC99}.Release|Any CPU.Build.0 = Release|Any CPU
		{8E802ADE-A2EE-9873-EFF8-5B656603E40D}.Debug|Any CPU.ActiveCfg = Debug|Any CPU
		{8E802ADE-A2EE-9873-EFF8-5B656603E40D}.Debug|Any CPU.Build.0 = Debug|Any CPU
		{8E802ADE-A2EE-9873-EFF8-5B656603E40D}.Release|Any CPU.ActiveCfg = Release|Any CPU
		{8E802ADE-A2EE-9873-EFF8-5B656603E40D}.Release|Any CPU.Build.0 = Release|Any CPU
		{19941A27-460F-DD8F-3DBD-EB065986D62E}.Debug|Any CPU.ActiveCfg = Debug|Any CPU
		{19941A27-460F-DD8F-3DBD-EB065986D62E}.Debug|Any CPU.Build.0 = Debug|Any CPU
		{19941A27-460F-DD8F-3DBD-EB065986D62E}.Release|Any CPU.ActiveCfg = Release|Any CPU
		{19941A27-460F-DD8F-3DBD-EB065986D62E}.Release|Any CPU.Build.0 = Release|Any CPU
		{540C2184-085F-BCEF-99F8-6EDA4FFA6FA4}.Debug|Any CPU.ActiveCfg = Debug|Any CPU
		{540C2184-085F-BCEF-99F8-6EDA4FFA6FA4}.Debug|Any CPU.Build.0 = Debug|Any CPU
		{540C2184-085F-BCEF-99F8-6EDA4FFA6FA4}.Release|Any CPU.ActiveCfg = Release|Any CPU
		{540C2184-085F-BCEF-99F8-6EDA4FFA6FA4}.Release|Any CPU.Build.0 = Release|Any CPU
		{4ADC4F79-E6FA-23C6-C684-4320E25DE907}.Debug|Any CPU.ActiveCfg = Debug|Any CPU
		{4ADC4F79-E6FA-23C6-C684-4320E25DE907}.Debug|Any CPU.Build.0 = Debug|Any CPU
		{4ADC4F79-E6FA-23C6-C684-4320E25DE907}.Release|Any CPU.ActiveCfg = Release|Any CPU
		{4ADC4F79-E6FA-23C6-C684-4320E25DE907}.Release|Any CPU.Build.0 = Release|Any CPU
		{130C1DD2-8E9A-DBB0-FB40-B9F492A28E2A}.Debug|Any CPU.ActiveCfg = Debug|Any CPU
		{130C1DD2-8E9A-DBB0-FB40-B9F492A28E2A}.Debug|Any CPU.Build.0 = Debug|Any CPU
		{130C1DD2-8E9A-DBB0-FB40-B9F492A28E2A}.Release|Any CPU.ActiveCfg = Release|Any CPU
		{130C1DD2-8E9A-DBB0-FB40-B9F492A28E2A}.Release|Any CPU.Build.0 = Release|Any CPU
		{9D501356-691B-E25F-2EC9-A4C381F489A7}.Debug|Any CPU.ActiveCfg = Debug|Any CPU
		{9D501356-691B-E25F-2EC9-A4C381F489A7}.Debug|Any CPU.Build.0 = Debug|Any CPU
		{9D501356-691B-E25F-2EC9-A4C381F489A7}.Release|Any CPU.ActiveCfg = Release|Any CPU
		{9D501356-691B-E25F-2EC9-A4C381F489A7}.Release|Any CPU.Build.0 = Release|Any CPU
		{E3D2D8D4-A00C-2584-7D9A-AE3E32F4E186}.Debug|Any CPU.ActiveCfg = Debug|Any CPU
		{E3D2D8D4-A00C-2584-7D9A-AE3E32F4E186}.Debug|Any CPU.Build.0 = Debug|Any CPU
		{E3D2D8D4-A00C-2584-7D9A-AE3E32F4E186}.Release|Any CPU.ActiveCfg = Release|Any CPU
		{E3D2D8D4-A00C-2584-7D9A-AE3E32F4E186}.Release|Any CPU.Build.0 = Release|Any CPU
		{6CDE4C38-5507-BF21-38D9-891B07D63581}.Debug|Any CPU.ActiveCfg = Debug|Any CPU
		{6CDE4C38-5507-BF21-38D9-891B07D63581}.Debug|Any CPU.Build.0 = Debug|Any CPU
		{6CDE4C38-5507-BF21-38D9-891B07D63581}.Release|Any CPU.ActiveCfg = Release|Any CPU
		{6CDE4C38-5507-BF21-38D9-891B07D63581}.Release|Any CPU.Build.0 = Release|Any CPU
		{5B168C96-3A86-AB25-A59C-B233CC5DD1E7}.Debug|Any CPU.ActiveCfg = Debug|Any CPU
		{5B168C96-3A86-AB25-A59C-B233CC5DD1E7}.Debug|Any CPU.Build.0 = Debug|Any CPU
		{5B168C96-3A86-AB25-A59C-B233CC5DD1E7}.Release|Any CPU.ActiveCfg = Release|Any CPU
		{5B168C96-3A86-AB25-A59C-B233CC5DD1E7}.Release|Any CPU.Build.0 = Release|Any CPU
		{67B37EBB-9132-33A1-F381-05B45F74B524}.Debug|Any CPU.ActiveCfg = Debug|Any CPU
		{67B37EBB-9132-33A1-F381-05B45F74B524}.Debug|Any CPU.Build.0 = Debug|Any CPU
		{67B37EBB-9132-33A1-F381-05B45F74B524}.Release|Any CPU.ActiveCfg = Release|Any CPU
		{67B37EBB-9132-33A1-F381-05B45F74B524}.Release|Any CPU.Build.0 = Release|Any CPU
		{C00C2C05-75AD-4F19-3A52-63622EC7DCFD}.Debug|Any CPU.ActiveCfg = Debug|Any CPU
		{C00C2C05-75AD-4F19-3A52-63622EC7DCFD}.Debug|Any CPU.Build.0 = Debug|Any CPU
		{C00C2C05-75AD-4F19-3A52-63622EC7DCFD}.Release|Any CPU.ActiveCfg = Release|Any CPU
		{C00C2C05-75AD-4F19-3A52-63622EC7DCFD}.Release|Any CPU.Build.0 = Release|Any CPU
		{C1FF89D4-FF8A-AED0-9D36-994C03BFA672}.Debug|Any CPU.ActiveCfg = Debug|Any CPU
		{C1FF89D4-FF8A-AED0-9D36-994C03BFA672}.Debug|Any CPU.Build.0 = Debug|Any CPU
		{C1FF89D4-FF8A-AED0-9D36-994C03BFA672}.Release|Any CPU.ActiveCfg = Release|Any CPU
		{C1FF89D4-FF8A-AED0-9D36-994C03BFA672}.Release|Any CPU.Build.0 = Release|Any CPU
		{CC9ED347-3149-3301-0929-CAC9DBC55360}.Debug|Any CPU.ActiveCfg = Debug|Any CPU
		{CC9ED347-3149-3301-0929-CAC9DBC55360}.Debug|Any CPU.Build.0 = Debug|Any CPU
		{CC9ED347-3149-3301-0929-CAC9DBC55360}.Release|Any CPU.ActiveCfg = Release|Any CPU
		{CC9ED347-3149-3301-0929-CAC9DBC55360}.Release|Any CPU.Build.0 = Release|Any CPU
		{FD8063AC-716F-795B-86C5-3913014C86CB}.Debug|Any CPU.ActiveCfg = Debug|Any CPU
		{FD8063AC-716F-795B-86C5-3913014C86CB}.Debug|Any CPU.Build.0 = Debug|Any CPU
		{FD8063AC-716F-795B-86C5-3913014C86CB}.Release|Any CPU.ActiveCfg = Release|Any CPU
		{FD8063AC-716F-795B-86C5-3913014C86CB}.Release|Any CPU.Build.0 = Release|Any CPU
		{268BB547-3A20-5ED8-E6A9-D157A33C98FA}.Debug|Any CPU.ActiveCfg = Debug|Any CPU
		{268BB547-3A20-5ED8-E6A9-D157A33C98FA}.Debug|Any CPU.Build.0 = Debug|Any CPU
		{268BB547-3A20-5ED8-E6A9-D157A33C98FA}.Release|Any CPU.ActiveCfg = Release|Any CPU
		{268BB547-3A20-5ED8-E6A9-D157A33C98FA}.Release|Any CPU.Build.0 = Release|Any CPU
		{D7D47173-C5A4-4D57-493E-32A29E44E39D}.Debug|Any CPU.ActiveCfg = Debug|Any CPU
		{D7D47173-C5A4-4D57-493E-32A29E44E39D}.Debug|Any CPU.Build.0 = Debug|Any CPU
		{D7D47173-C5A4-4D57-493E-32A29E44E39D}.Release|Any CPU.ActiveCfg = Release|Any CPU
		{D7D47173-C5A4-4D57-493E-32A29E44E39D}.Release|Any CPU.Build.0 = Release|Any CPU
		{6EC66B41-0D4E-A0F9-B2F2-D7BEF0100EF9}.Debug|Any CPU.ActiveCfg = Debug|Any CPU
		{6EC66B41-0D4E-A0F9-B2F2-D7BEF0100EF9}.Debug|Any CPU.Build.0 = Debug|Any CPU
		{6EC66B41-0D4E-A0F9-B2F2-D7BEF0100EF9}.Release|Any CPU.ActiveCfg = Release|Any CPU
		{6EC66B41-0D4E-A0F9-B2F2-D7BEF0100EF9}.Release|Any CPU.Build.0 = Release|Any CPU
		{306D9959-D571-8EAA-2DD7-8F8BB0227562}.Debug|Any CPU.ActiveCfg = Debug|Any CPU
		{306D9959-D571-8EAA-2DD7-8F8BB0227562}.Debug|Any CPU.Build.0 = Debug|Any CPU
		{306D9959-D571-8EAA-2DD7-8F8BB0227562}.Release|Any CPU.ActiveCfg = Release|Any CPU
		{306D9959-D571-8EAA-2DD7-8F8BB0227562}.Release|Any CPU.Build.0 = Release|Any CPU
		{90588F66-B43C-D48C-742A-A57E8B5C15C2}.Debug|Any CPU.ActiveCfg = Debug|Any CPU
		{90588F66-B43C-D48C-742A-A57E8B5C15C2}.Debug|Any CPU.Build.0 = Debug|Any CPU
		{90588F66-B43C-D48C-742A-A57E8B5C15C2}.Release|Any CPU.ActiveCfg = Release|Any CPU
		{90588F66-B43C-D48C-742A-A57E8B5C15C2}.Release|Any CPU.Build.0 = Release|Any CPU
		{DC922DA6-0ACF-5532-42A2-42F0AB45B982}.Debug|Any CPU.ActiveCfg = Debug|Any CPU
		{DC922DA6-0ACF-5532-42A2-42F0AB45B982}.Debug|Any CPU.Build.0 = Debug|Any CPU
		{DC922DA6-0ACF-5532-42A2-42F0AB45B982}.Release|Any CPU.ActiveCfg = Release|Any CPU
		{DC922DA6-0ACF-5532-42A2-42F0AB45B982}.Release|Any CPU.Build.0 = Release|Any CPU
		{5843A304-ECB3-3C43-0004-2441D284E3B1}.Debug|Any CPU.ActiveCfg = Debug|Any CPU
		{5843A304-ECB3-3C43-0004-2441D284E3B1}.Debug|Any CPU.Build.0 = Debug|Any CPU
		{5843A304-ECB3-3C43-0004-2441D284E3B1}.Release|Any CPU.ActiveCfg = Release|Any CPU
		{5843A304-ECB3-3C43-0004-2441D284E3B1}.Release|Any CPU.Build.0 = Release|Any CPU
		{33020391-5239-1886-894B-F518E4E155F8}.Debug|Any CPU.ActiveCfg = Debug|Any CPU
		{33020391-5239-1886-894B-F518E4E155F8}.Debug|Any CPU.Build.0 = Debug|Any CPU
		{33020391-5239-1886-894B-F518E4E155F8}.Release|Any CPU.ActiveCfg = Release|Any CPU
		{33020391-5239-1886-894B-F518E4E155F8}.Release|Any CPU.Build.0 = Release|Any CPU
		{96D344E4-5607-1F9A-5C23-B44A977E8D57}.Debug|Any CPU.ActiveCfg = Debug|Any CPU
		{96D344E4-5607-1F9A-5C23-B44A977E8D57}.Debug|Any CPU.Build.0 = Debug|Any CPU
		{96D344E4-5607-1F9A-5C23-B44A977E8D57}.Release|Any CPU.ActiveCfg = Release|Any CPU
		{96D344E4-5607-1F9A-5C23-B44A977E8D57}.Release|Any CPU.Build.0 = Release|Any CPU
		{D21792EE-422C-B2D2-4C29-C293CEC256C7}.Debug|Any CPU.ActiveCfg = Debug|Any CPU
		{D21792EE-422C-B2D2-4C29-C293CEC256C7}.Debug|Any CPU.Build.0 = Debug|Any CPU
		{D21792EE-422C-B2D2-4C29-C293CEC256C7}.Release|Any CPU.ActiveCfg = Release|Any CPU
		{D21792EE-422C-B2D2-4C29-C293CEC256C7}.Release|Any CPU.Build.0 = Release|Any CPU
		{8D466B8D-AEC6-2C20-FE09-F52F92A30882}.Debug|Any CPU.ActiveCfg = Debug|Any CPU
		{8D466B8D-AEC6-2C20-FE09-F52F92A30882}.Debug|Any CPU.Build.0 = Debug|Any CPU
		{8D466B8D-AEC6-2C20-FE09-F52F92A30882}.Release|Any CPU.ActiveCfg = Release|Any CPU
		{8D466B8D-AEC6-2C20-FE09-F52F92A30882}.Release|Any CPU.Build.0 = Release|Any CPU
		{063466A8-D736-5FC0-88D3-34AD8AACA386}.Debug|Any CPU.ActiveCfg = Debug|Any CPU
		{063466A8-D736-5FC0-88D3-34AD8AACA386}.Debug|Any CPU.Build.0 = Debug|Any CPU
		{063466A8-D736-5FC0-88D3-34AD8AACA386}.Release|Any CPU.ActiveCfg = Release|Any CPU
		{063466A8-D736-5FC0-88D3-34AD8AACA386}.Release|Any CPU.Build.0 = Release|Any CPU
		{4E7F3DB3-0498-EBF1-275D-78AD49AC88E6}.Debug|Any CPU.ActiveCfg = Debug|Any CPU
		{4E7F3DB3-0498-EBF1-275D-78AD49AC88E6}.Debug|Any CPU.Build.0 = Debug|Any CPU
		{4E7F3DB3-0498-EBF1-275D-78AD49AC88E6}.Release|Any CPU.ActiveCfg = Release|Any CPU
		{4E7F3DB3-0498-EBF1-275D-78AD49AC88E6}.Release|Any CPU.Build.0 = Release|Any CPU
		{C2DB1268-A5FE-03A1-BD4B-EF2AD2D4551F}.Debug|Any CPU.ActiveCfg = Debug|Any CPU
		{C2DB1268-A5FE-03A1-BD4B-EF2AD2D4551F}.Debug|Any CPU.Build.0 = Debug|Any CPU
		{C2DB1268-A5FE-03A1-BD4B-EF2AD2D4551F}.Release|Any CPU.ActiveCfg = Release|Any CPU
		{C2DB1268-A5FE-03A1-BD4B-EF2AD2D4551F}.Release|Any CPU.Build.0 = Release|Any CPU
		{9175FF8B-B9DF-A7DF-3FD8-458AC33EEB49}.Debug|Any CPU.ActiveCfg = Debug|Any CPU
		{9175FF8B-B9DF-A7DF-3FD8-458AC33EEB49}.Debug|Any CPU.Build.0 = Debug|Any CPU
		{9175FF8B-B9DF-A7DF-3FD8-458AC33EEB49}.Release|Any CPU.ActiveCfg = Release|Any CPU
		{9175FF8B-B9DF-A7DF-3FD8-458AC33EEB49}.Release|Any CPU.Build.0 = Release|Any CPU
		{44D66FC8-1E76-78E2-1E80-32DDDC62E30A}.Debug|Any CPU.ActiveCfg = Debug|Any CPU
		{44D66FC8-1E76-78E2-1E80-32DDDC62E30A}.Debug|Any CPU.Build.0 = Debug|Any CPU
		{44D66FC8-1E76-78E2-1E80-32DDDC62E30A}.Release|Any CPU.ActiveCfg = Release|Any CPU
		{44D66FC8-1E76-78E2-1E80-32DDDC62E30A}.Release|Any CPU.Build.0 = Release|Any CPU
		{BFF1FC62-6158-D6E9-7174-F3EF5C7BF5E9}.Debug|Any CPU.ActiveCfg = Debug|Any CPU
		{BFF1FC62-6158-D6E9-7174-F3EF5C7BF5E9}.Debug|Any CPU.Build.0 = Debug|Any CPU
		{BFF1FC62-6158-D6E9-7174-F3EF5C7BF5E9}.Release|Any CPU.ActiveCfg = Release|Any CPU
		{BFF1FC62-6158-D6E9-7174-F3EF5C7BF5E9}.Release|Any CPU.Build.0 = Release|Any CPU
		{33E2B5F3-110E-F6BF-9B04-E31165929854}.Debug|Any CPU.ActiveCfg = Debug|Any CPU
		{33E2B5F3-110E-F6BF-9B04-E31165929854}.Debug|Any CPU.Build.0 = Debug|Any CPU
		{33E2B5F3-110E-F6BF-9B04-E31165929854}.Release|Any CPU.ActiveCfg = Release|Any CPU
		{33E2B5F3-110E-F6BF-9B04-E31165929854}.Release|Any CPU.Build.0 = Release|Any CPU
		{978DB1DC-1D6E-77AF-3ADB-1E48157BF80A}.Debug|Any CPU.ActiveCfg = Debug|Any CPU
		{978DB1DC-1D6E-77AF-3ADB-1E48157BF80A}.Debug|Any CPU.Build.0 = Debug|Any CPU
		{978DB1DC-1D6E-77AF-3ADB-1E48157BF80A}.Release|Any CPU.ActiveCfg = Release|Any CPU
		{978DB1DC-1D6E-77AF-3ADB-1E48157BF80A}.Release|Any CPU.Build.0 = Release|Any CPU
		{20D67940-FE99-E569-86AB-A24813E808A6}.Debug|Any CPU.ActiveCfg = Debug|Any CPU
		{20D67940-FE99-E569-86AB-A24813E808A6}.Debug|Any CPU.Build.0 = Debug|Any CPU
		{20D67940-FE99-E569-86AB-A24813E808A6}.Release|Any CPU.ActiveCfg = Release|Any CPU
		{20D67940-FE99-E569-86AB-A24813E808A6}.Release|Any CPU.Build.0 = Release|Any CPU
		{31356175-5B1C-8552-EB3B-D02E87F21026}.Debug|Any CPU.ActiveCfg = Debug|Any CPU
		{31356175-5B1C-8552-EB3B-D02E87F21026}.Debug|Any CPU.Build.0 = Debug|Any CPU
		{31356175-5B1C-8552-EB3B-D02E87F21026}.Release|Any CPU.ActiveCfg = Release|Any CPU
		{31356175-5B1C-8552-EB3B-D02E87F21026}.Release|Any CPU.Build.0 = Release|Any CPU
		{841D5F35-3160-45B8-5AB5-EC699EE9126D}.Debug|Any CPU.ActiveCfg = Debug|Any CPU
		{841D5F35-3160-45B8-5AB5-EC699EE9126D}.Debug|Any CPU.Build.0 = Debug|Any CPU
		{841D5F35-3160-45B8-5AB5-EC699EE9126D}.Release|Any CPU.ActiveCfg = Release|Any CPU
		{841D5F35-3160-45B8-5AB5-EC699EE9126D}.Release|Any CPU.Build.0 = Release|Any CPU
		{82B6077E-49F4-4489-28C3-A3EDD800BE92}.Debug|Any CPU.ActiveCfg = Debug|Any CPU
		{82B6077E-49F4-4489-28C3-A3EDD800BE92}.Debug|Any CPU.Build.0 = Debug|Any CPU
		{82B6077E-49F4-4489-28C3-A3EDD800BE92}.Release|Any CPU.ActiveCfg = Release|Any CPU
		{82B6077E-49F4-4489-28C3-A3EDD800BE92}.Release|Any CPU.Build.0 = Release|Any CPU
		{D9B32D5D-056B-2F49-93D2-BF307B34F7ED}.Debug|Any CPU.ActiveCfg = Debug|Any CPU
		{D9B32D5D-056B-2F49-93D2-BF307B34F7ED}.Debug|Any CPU.Build.0 = Debug|Any CPU
		{D9B32D5D-056B-2F49-93D2-BF307B34F7ED}.Release|Any CPU.ActiveCfg = Release|Any CPU
		{D9B32D5D-056B-2F49-93D2-BF307B34F7ED}.Release|Any CPU.Build.0 = Release|Any CPU
		{EFCFF4FC-D3E1-FB09-B05F-9DE5182B7BFC}.Debug|Any CPU.ActiveCfg = Debug|Any CPU
		{EFCFF4FC-D3E1-FB09-B05F-9DE5182B7BFC}.Debug|Any CPU.Build.0 = Debug|Any CPU
		{EFCFF4FC-D3E1-FB09-B05F-9DE5182B7BFC}.Release|Any CPU.ActiveCfg = Release|Any CPU
		{EFCFF4FC-D3E1-FB09-B05F-9DE5182B7BFC}.Release|Any CPU.Build.0 = Release|Any CPU
	EndGlobalSection
	GlobalSection(SolutionProperties) = preSolution
		HideSolutionNode = FALSE
	EndGlobalSection
EndGlobal
